github.com/ggicci/httpin v0.20.5 h1:Qwg6s98Cpqrt41JjpZJtwQR8avmls27Iuvtj5/WZHWY=
github.com/ggicci/httpin v0.20.5/go.mod h1:zUZZ+RimYLx6q0Lt6W4fQSJ0EjFhVP7g0/pr+FInlVo=
github.com/ggicci/owl v0.8.2 h1:og+lhqpzSMPDdEB+NJfzoAJARP7qCG3f8uUC3xvGukA=
github.com/ggicci/owl v0.8.2/go.mod h1:PHRD57u41vFN5UtFz2SF79yTVoM3HlWpjMiE+ZU2dj4=
github.com/go-chi/chi/v5 v5.3.1 h1:3j4HZLGZQ3JpMCrPJF/Jl3mYJfWLKBfNJ6quurUGCf8=
github.com/go-chi/chi/v5 v5.3.1/go.mod h1:R+tYY2hNuVUUjxoPtqUdgBqevM9s9njzkTLutVsOCto=
go.yaml.in/yaml/v3 v3.0.4 h1:tfq32ie2Jv2UxXFdLJdh3jXuOzWiL1fo0bu/FbuKpbc=
go.yaml.in/yaml/v3 v3.0.4/go.mod h1:DhzuOOF2ATzADvBadXxruRBLzYTpT36CKvDb3+aBEFg=
gopkg.in/check.v1 v0.0.0-20161208181325-20d25e280405/go.mod h1:Co6ibVJAznAaIkqp8huTwlJQCZ016jof/cbN4VW5Yz0=
